
Microsoft Visual Studio Solution File, Format Version 9.00
# Visual Studio 2005
Project("{8BC9CEB8-8B4A-11D0-8D11-00A0C91BC942}") = "sample", "sample.vcproj", "{CBD5BE8E-901D-47B3-8F4A-D98C6ABF749A}"
EndProject
Global
	GlobalSection(SolutionConfigurationPlatforms) = preSolution
		Debug|Win32 = Debug|Win32
		Release|Win32 = Release|Win32
	EndGlobalSection
	GlobalSection(ProjectConfigurationPlatforms) = postSolution
		{CBD5BE8E-901D-47B3-8F4A-D98C6ABF749A}.Debug|Win32.ActiveCfg = Debug|Win32
		{CBD5BE8E-901D-47B3-8F4A-D98C6ABF749A}.Debug|Win32.Build.0 = Debug|Win32
		{CBD5BE8E-901D-47B3-8F4A-D98C6ABF749A}.Release|Win32.ActiveCfg = Release|Win32
		{CBD5BE8E-901D-47B3-8F4A-D98C6ABF749A}.Release|Win32.Build.0 = Release|Win32
	EndGlobalSection
	GlobalSection(SolutionProperties) = preSolution
		HideSolutionNode = FALSE
	EndGlobalSection
EndGlobal
